{
  "name": "react-native-ble-manager",
  "version": "8.8.0",
  "lockfileVersion": 2,
  "requires": true,
  "packages": {
    "": {
      "name": "react-native-ble-manager",
      "version": "8.8.0",
      "license": "Apache-2.0",
      "dependencies": {
        "react-native-ble-manager": "^8.8.0"
      }
    },
    "node_modules/react-native-ble-manager": {
      "version": "8.8.0",
      "resolved": "https://registry.npmjs.org/react-native-ble-manager/-/react-native-ble-manager-8.8.0.tgz",
      "integrity": "sha512-8rB3IJuoV7yv3ymHKD/Y9JHpV9pJeLWw9UbmszvYPMDOzSlfsO+mE2xCd8J4vpfmDYKFlT6hsMGAkPV5aPzDag=="
    }
  },
  "dependencies": {
    "react-native-ble-manager": {
      "version": "8.8.0",
      "resolved": "https://registry.npmjs.org/react-native-ble-manager/-/react-native-ble-manager-8.8.0.tgz",
      "integrity": "sha512-8rB3IJuoV7yv3ymHKD/Y9JHpV9pJeLWw9UbmszvYPMDOzSlfsO+mE2xCd8J4vpfmDYKFlT6hsMGAkPV5aPzDag=="
    }
  }
}
